
Microsoft Visual Studio Solution File, Format Version 12.00
# Visual Studio Version 17
VisualStudioVersion = 17.5.33502.453
MinimumVisualStudioVersion = 10.0.40219.1
Project("{FAE04EC0-301F-11D3-BF4B-00C04F79EFBC}") = "Latihan2ClassdanObject", "Latihan2ClassdanObject\Latihan2ClassdanObject.csproj", "{F1027310-E78A-4F75-87D1-5E2AC3EC8659}"
EndProject
Global
	GlobalSection(SolutionConfigurationPlatforms) = preSolution
		Debug|Any CPU = Debug|Any CPU
		Release|Any CPU = Release|Any CPU
	EndGlobalSection
	GlobalSection(ProjectConfigurationPlatforms) = postSolution
		{F1027310-E78A-4F75-87D1-5E2AC3EC8659}.Debug|Any CPU.ActiveCfg = Debug|Any CPU
		{F1027310-E78A-4F75-87D1-5E2AC3EC8659}.Debug|Any CPU.Build.0 = Debug|Any CPU
		{F1027310-E78A-4F75-87D1-5E2AC3EC8659}.Release|Any CPU.ActiveCfg = Release|Any CPU
		{F1027310-E78A-4F75-87D1-5E2AC3EC8659}.Release|Any CPU.Build.0 = Release|Any CPU
	EndGlobalSection
	GlobalSection(SolutionProperties) = preSolution
		HideSolutionNode = FALSE
	EndGlobalSection
	GlobalSection(ExtensibilityGlobals) = postSolution
		SolutionGuid = {FC96B38A-4BC8-446F-B555-64E65819F369}
	EndGlobalSection
EndGlobal
